
Microsoft Visual Studio Solution File, Format Version 11.00
# Visual Studio 2010
Project("{FAE04EC0-301F-11D3-BF4B-00C04F79EFBC}") = "UnityEngine.TestRunner", "UnityEngine.TestRunner.csproj", "{3adee074-3477-92db-d480-2b15f1a340bf}"
EndProject
Project("{FAE04EC0-301F-11D3-BF4B-00C04F79EFBC}") = "Unity.Mathematics", "Unity.Mathematics.csproj", "{b50b90c1-cad8-c1b9-3296-e2b0d9df2044}"
EndProject
Project("{FAE04EC0-301F-11D3-BF4B-00C04F79EFBC}") = "Unity.2D.Animation.Triangle.Runtime", "Unity.2D.Animation.Triangle.Runtime.csproj", "{57df4731-8fb4-a94d-fca6-83055e66ee6d}"
EndProject
Project("{FAE04EC0-301F-11D3-BF4B-00C04F79EFBC}") = "Assembly-CSharp", "Assembly-CSharp.csproj", "{8441f412-22a4-275f-22e6-507969043f15}"
EndProject
Project("{FAE04EC0-301F-11D3-BF4B-00C04F79EFBC}") = "Unity.Timeline", "Unity.Timeline.csproj", "{580f465d-fdca-07d7-25ea-19248de840f7}"
EndProject
Project("{FAE04EC0-301F-11D3-BF4B-00C04F79EFBC}") = "UnityEngine.UI", "UnityEngine.UI.csproj", "{4e97dac8-471b-8ebc-e6a8-7bf55a8b1a61}"
EndProject
Project("{FAE04EC0-301F-11D3-BF4B-00C04F79EFBC}") = "Unity.TextMeshPro", "Unity.TextMeshPro.csproj", "{8d71dd6b-40dd-42ba-a075-6f69d1193500}"
EndProject
Project("{FAE04EC0-301F-11D3-BF4B-00C04F79EFBC}") = "Unity.2D.Animation.Runtime", "Unity.2D.Animation.Runtime.csproj", "{69a30cb8-75db-8b2b-faca-c84855106d56}"
EndProject
Project("{FAE04EC0-301F-11D3-BF4B-00C04F79EFBC}") = "Unity.2D.IK.Runtime", "Unity.2D.IK.Runtime.csproj", "{4e96e583-cd96-6fe8-8692-477dec60f224}"
EndProject
Project("{FAE04EC0-301F-11D3-BF4B-00C04F79EFBC}") = "Unity.2D.SpriteShape.Runtime", "Unity.2D.SpriteShape.Runtime.csproj", "{dc8380ee-197c-54cb-cc13-d08a00a5c072}"
EndProject
Project("{FAE04EC0-301F-11D3-BF4B-00C04F79EFBC}") = "Unity.2D.PixelPerfect", "Unity.2D.PixelPerfect.csproj", "{91e73d62-ecd7-dfcb-87cc-20efabec0072}"
EndProject
Project("{FAE04EC0-301F-11D3-BF4B-00C04F79EFBC}") = "Unity.2D.Common.Runtime", "Unity.2D.Common.Runtime.csproj", "{84ecf2f6-90ba-6f57-7793-1cf6795cf6d4}"
EndProject
Project("{FAE04EC0-301F-11D3-BF4B-00C04F79EFBC}") = "Unity.InternalAPIEngineBridge.001", "Unity.InternalAPIEngineBridge.001.csproj", "{e6c6102b-b3f6-ca4e-3271-74de5782365c}"
EndProject
Project("{FAE04EC0-301F-11D3-BF4B-00C04F79EFBC}") = "UnityEditor.TestRunner", "UnityEditor.TestRunner.csproj", "{127eea2a-80d7-fc35-47a6-a996cd9e6682}"
EndProject
Project("{FAE04EC0-301F-11D3-BF4B-00C04F79EFBC}") = "UnityEditor.UI", "UnityEditor.UI.csproj", "{aa10a73a-0fb6-07c5-fcce-bc576a35745b}"
EndProject
Project("{FAE04EC0-301F-11D3-BF4B-00C04F79EFBC}") = "Unity.Timeline.Editor", "Unity.Timeline.Editor.csproj", "{833d5cb4-bd07-5d94-ffa3-9eedba5ff57e}"
EndProject
Project("{FAE04EC0-301F-11D3-BF4B-00C04F79EFBC}") = "Unity.VisualStudio.Editor", "Unity.VisualStudio.Editor.csproj", "{6805584b-9530-10d5-222e-abc84e47fecf}"
EndProject
Project("{FAE04EC0-301F-11D3-BF4B-00C04F79EFBC}") = "Unity.2D.Psdimporter.Editor", "Unity.2D.Psdimporter.Editor.csproj", "{7f951655-9f28-1617-0f17-da2ff41a9eb5}"
EndProject
Project("{FAE04EC0-301F-11D3-BF4B-00C04F79EFBC}") = "Unity.2D.Animation.Editor", "Unity.2D.Animation.Editor.csproj", "{25d5b732-7fc5-81e4-ed44-fa18e1161a14}"
EndProject
Project("{FAE04EC0-301F-11D3-BF4B-00C04F79EFBC}") = "Unity.TextMeshPro.Editor", "Unity.TextMeshPro.Editor.csproj", "{fd665364-c963-e163-6596-4c20ad8e4434}"
EndProject
Project("{FAE04EC0-301F-11D3-BF4B-00C04F79EFBC}") = "Unity.2D.SpriteShape.Editor", "Unity.2D.SpriteShape.Editor.csproj", "{18104f2e-7806-50ad-9330-c82fa6a6a114}"
EndProject
Project("{FAE04EC0-301F-11D3-BF4B-00C04F79EFBC}") = "Unity.CollabProxy.Editor", "Unity.CollabProxy.Editor.csproj", "{99c97f0f-8c74-0c1d-355e-c9477d12fc2c}"
EndProject
Project("{FAE04EC0-301F-11D3-BF4B-00C04F79EFBC}") = "PsdPlugin", "PsdPlugin.csproj", "{2b24ddb2-1bdb-8ee2-922d-4f3d16ed1e56}"
EndProject
Project("{FAE04EC0-301F-11D3-BF4B-00C04F79EFBC}") = "Unity.2D.Path.Editor", "Unity.2D.Path.Editor.csproj", "{6b11e3c1-1187-a059-fdb7-02d4e7d59eeb}"
EndProject
Project("{FAE04EC0-301F-11D3-BF4B-00C04F79EFBC}") = "Unity.Rider.Editor", "Unity.Rider.Editor.csproj", "{25ade108-912d-7485-4125-aac4e3673b6a}"
EndProject
Project("{FAE04EC0-301F-11D3-BF4B-00C04F79EFBC}") = "Unity.2D.IK.Editor", "Unity.2D.IK.Editor.csproj", "{8e7a7caf-aaa9-cfff-26f5-2f2d6028345b}"
EndProject
Project("{FAE04EC0-301F-11D3-BF4B-00C04F79EFBC}") = "Unity.2D.Sprite.Editor", "Unity.2D.Sprite.Editor.csproj", "{fb55fd7e-6775-88d8-5149-68fc6e544c36}"
EndProject
Project("{FAE04EC0-301F-11D3-BF4B-00C04F79EFBC}") = "Unity.2D.Tilemap.Editor", "Unity.2D.Tilemap.Editor.csproj", "{0be59d4f-26ca-0154-129c-51d0b160ba3f}"
EndProject
Project("{FAE04EC0-301F-11D3-BF4B-00C04F79EFBC}") = "Unity.2D.PixelPerfect.Editor", "Unity.2D.PixelPerfect.Editor.csproj", "{885bb7a9-c2a6-444e-dbee-938023af6edc}"
EndProject
Project("{FAE04EC0-301F-11D3-BF4B-00C04F79EFBC}") = "Unity.VSCode.Editor", "Unity.VSCode.Editor.csproj", "{1249e745-55ff-a8e3-0f78-da587d5db6fe}"
EndProject
Project("{FAE04EC0-301F-11D3-BF4B-00C04F79EFBC}") = "Unity.2D.Common.Editor", "Unity.2D.Common.Editor.csproj", "{3c2ee1f7-1bb5-c223-d627-f506c9a8773a}"
EndProject
Project("{FAE04EC0-301F-11D3-BF4B-00C04F79EFBC}") = "Assembly-CSharp-Editor", "Assembly-CSharp-Editor.csproj", "{9cf74455-0653-9f90-c855-53d6959d5dfd}"
EndProject
Project("{FAE04EC0-301F-11D3-BF4B-00C04F79EFBC}") = "Unity.Mathematics.Editor", "Unity.Mathematics.Editor.csproj", "{b99647d3-f797-f2e6-0d00-9cfb4c060248}"
EndProject
Project("{FAE04EC0-301F-11D3-BF4B-00C04F79EFBC}") = "Unity.InternalAPIEditorBridge.001", "Unity.InternalAPIEditorBridge.001.csproj", "{c762e157-0b9e-649e-fc7c-13d9a58e7593}"
EndProject
Global
	GlobalSection(SolutionConfigurationPlatforms) = preSolution
		Debug|Any CPU = Debug|Any CPU
	EndGlobalSection
	GlobalSection(ProjectConfigurationPlatforms) = postSolution
		{3adee074-3477-92db-d480-2b15f1a340bf}.Debug|Any CPU.ActiveCfg = Debug|Any CPU
		{3adee074-3477-92db-d480-2b15f1a340bf}.Debug|Any CPU.Build.0 = Debug|Any CPU
		{b50b90c1-cad8-c1b9-3296-e2b0d9df2044}.Debug|Any CPU.ActiveCfg = Debug|Any CPU
		{b50b90c1-cad8-c1b9-3296-e2b0d9df2044}.Debug|Any CPU.Build.0 = Debug|Any CPU
		{57df4731-8fb4-a94d-fca6-83055e66ee6d}.Debug|Any CPU.ActiveCfg = Debug|Any CPU
		{57df4731-8fb4-a94d-fca6-83055e66ee6d}.Debug|Any CPU.Build.0 = Debug|Any CPU
		{8441f412-22a4-275f-22e6-507969043f15}.Debug|Any CPU.ActiveCfg = Debug|Any CPU
		{8441f412-22a4-275f-22e6-507969043f15}.Debug|Any CPU.Build.0 = Debug|Any CPU
		{580f465d-fdca-07d7-25ea-19248de840f7}.Debug|Any CPU.ActiveCfg = Debug|Any CPU
		{580f465d-fdca-07d7-25ea-19248de840f7}.Debug|Any CPU.Build.0 = Debug|Any CPU
		{4e97dac8-471b-8ebc-e6a8-7bf55a8b1a61}.Debug|Any CPU.ActiveCfg = Debug|Any CPU
		{4e97dac8-471b-8ebc-e6a8-7bf55a8b1a61}.Debug|Any CPU.Build.0 = Debug|Any CPU
		{8d71dd6b-40dd-42ba-a075-6f69d1193500}.Debug|Any CPU.ActiveCfg = Debug|Any CPU
		{8d71dd6b-40dd-42ba-a075-6f69d1193500}.Debug|Any CPU.Build.0 = Debug|Any CPU
		{69a30cb8-75db-8b2b-faca-c84855106d56}.Debug|Any CPU.ActiveCfg = Debug|Any CPU
		{69a30cb8-75db-8b2b-faca-c84855106d56}.Debug|Any CPU.Build.0 = Debug|Any CPU
		{4e96e583-cd96-6fe8-8692-477dec60f224}.Debug|Any CPU.ActiveCfg = Debug|Any CPU
		{4e96e583-cd96-6fe8-8692-477dec60f224}.Debug|Any CPU.Build.0 = Debug|Any CPU
		{dc8380ee-197c-54cb-cc13-d08a00a5c072}.Debug|Any CPU.ActiveCfg = Debug|Any CPU
		{dc8380ee-197c-54cb-cc13-d08a00a5c072}.Debug|Any CPU.Build.0 = Debug|Any CPU
		{91e73d62-ecd7-dfcb-87cc-20efabec0072}.Debug|Any CPU.ActiveCfg = Debug|Any CPU
		{91e73d62-ecd7-dfcb-87cc-20efabec0072}.Debug|Any CPU.Build.0 = Debug|Any CPU
		{84ecf2f6-90ba-6f57-7793-1cf6795cf6d4}.Debug|Any CPU.ActiveCfg = Debug|Any CPU
		{84ecf2f6-90ba-6f57-7793-1cf6795cf6d4}.Debug|Any CPU.Build.0 = Debug|Any CPU
		{e6c6102b-b3f6-ca4e-3271-74de5782365c}.Debug|Any CPU.ActiveCfg = Debug|Any CPU
		{e6c6102b-b3f6-ca4e-3271-74de5782365c}.Debug|Any CPU.Build.0 = Debug|Any CPU
		{127eea2a-80d7-fc35-47a6-a996cd9e6682}.Debug|Any CPU.ActiveCfg = Debug|Any CPU
		{127eea2a-80d7-fc35-47a6-a996cd9e6682}.Debug|Any CPU.Build.0 = Debug|Any CPU
		{aa10a73a-0fb6-07c5-fcce-bc576a35745b}.Debug|Any CPU.ActiveCfg = Debug|Any CPU
		{aa10a73a-0fb6-07c5-fcce-bc576a35745b}.Debug|Any CPU.Build.0 = Debug|Any CPU
		{833d5cb4-bd07-5d94-ffa3-9eedba5ff57e}.Debug|Any CPU.ActiveCfg = Debug|Any CPU
		{833d5cb4-bd07-5d94-ffa3-9eedba5ff57e}.Debug|Any CPU.Build.0 = Debug|Any CPU
		{6805584b-9530-10d5-222e-abc84e47fecf}.Debug|Any CPU.ActiveCfg = Debug|Any CPU
		{6805584b-9530-10d5-222e-abc84e47fecf}.Debug|Any CPU.Build.0 = Debug|Any CPU
		{7f951655-9f28-1617-0f17-da2ff41a9eb5}.Debug|Any CPU.ActiveCfg = Debug|Any CPU
		{7f951655-9f28-1617-0f17-da2ff41a9eb5}.Debug|Any CPU.Build.0 = Debug|Any CPU
		{25d5b732-7fc5-81e4-ed44-fa18e1161a14}.Debug|Any CPU.ActiveCfg = Debug|Any CPU
		{25d5b732-7fc5-81e4-ed44-fa18e1161a14}.Debug|Any CPU.Build.0 = Debug|Any CPU
		{fd665364-c963-e163-6596-4c20ad8e4434}.Debug|Any CPU.ActiveCfg = Debug|Any CPU
		{fd665364-c963-e163-6596-4c20ad8e4434}.Debug|Any CPU.Build.0 = Debug|Any CPU
		{18104f2e-7806-50ad-9330-c82fa6a6a114}.Debug|Any CPU.ActiveCfg = Debug|Any CPU
		{18104f2e-7806-50ad-9330-c82fa6a6a114}.Debug|Any CPU.Build.0 = Debug|Any CPU
		{99c97f0f-8c74-0c1d-355e-c9477d12fc2c}.Debug|Any CPU.ActiveCfg = Debug|Any CPU
		{99c97f0f-8c74-0c1d-355e-c9477d12fc2c}.Debug|Any CPU.Build.0 = Debug|Any CPU
		{2b24ddb2-1bdb-8ee2-922d-4f3d16ed1e56}.Debug|Any CPU.ActiveCfg = Debug|Any CPU
		{2b24ddb2-1bdb-8ee2-922d-4f3d16ed1e56}.Debug|Any CPU.Build.0 = Debug|Any CPU
		{6b11e3c1-1187-a059-fdb7-02d4e7d59eeb}.Debug|Any CPU.ActiveCfg = Debug|Any CPU
		{6b11e3c1-1187-a059-fdb7-02d4e7d59eeb}.Debug|Any CPU.Build.0 = Debug|Any CPU
		{25ade108-912d-7485-4125-aac4e3673b6a}.Debug|Any CPU.ActiveCfg = Debug|Any CPU
		{25ade108-912d-7485-4125-aac4e3673b6a}.Debug|Any CPU.Build.0 = Debug|Any CPU
		{8e7a7caf-aaa9-cfff-26f5-2f2d6028345b}.Debug|Any CPU.ActiveCfg = Debug|Any CPU
		{8e7a7caf-aaa9-cfff-26f5-2f2d6028345b}.Debug|Any CPU.Build.0 = Debug|Any CPU
		{fb55fd7e-6775-88d8-5149-68fc6e544c36}.Debug|Any CPU.ActiveCfg = Debug|Any CPU
		{fb55fd7e-6775-88d8-5149-68fc6e544c36}.Debug|Any CPU.Build.0 = Debug|Any CPU
		{0be59d4f-26ca-0154-129c-51d0b160ba3f}.Debug|Any CPU.ActiveCfg = Debug|Any CPU
		{0be59d4f-26ca-0154-129c-51d0b160ba3f}.Debug|Any CPU.Build.0 = Debug|Any CPU
		{885bb7a9-c2a6-444e-dbee-938023af6edc}.Debug|Any CPU.ActiveCfg = Debug|Any CPU
		{885bb7a9-c2a6-444e-dbee-938023af6edc}.Debug|Any CPU.Build.0 = Debug|Any CPU
		{1249e745-55ff-a8e3-0f78-da587d5db6fe}.Debug|Any CPU.ActiveCfg = Debug|Any CPU
		{1249e745-55ff-a8e3-0f78-da587d5db6fe}.Debug|Any CPU.Build.0 = Debug|Any CPU
		{3c2ee1f7-1bb5-c223-d627-f506c9a8773a}.Debug|Any CPU.ActiveCfg = Debug|Any CPU
		{3c2ee1f7-1bb5-c223-d627-f506c9a8773a}.Debug|Any CPU.Build.0 = Debug|Any CPU
		{9cf74455-0653-9f90-c855-53d6959d5dfd}.Debug|Any CPU.ActiveCfg = Debug|Any CPU
		{9cf74455-0653-9f90-c855-53d6959d5dfd}.Debug|Any CPU.Build.0 = Debug|Any CPU
		{b99647d3-f797-f2e6-0d00-9cfb4c060248}.Debug|Any CPU.ActiveCfg = Debug|Any CPU
		{b99647d3-f797-f2e6-0d00-9cfb4c060248}.Debug|Any CPU.Build.0 = Debug|Any CPU
		{c762e157-0b9e-649e-fc7c-13d9a58e7593}.Debug|Any CPU.ActiveCfg = Debug|Any CPU
		{c762e157-0b9e-649e-fc7c-13d9a58e7593}.Debug|Any CPU.Build.0 = Debug|Any CPU
	EndGlobalSection
	GlobalSection(SolutionProperties) = preSolution
		HideSolutionNode = FALSE
	EndGlobalSection
EndGlobal
