
Microsoft Visual Studio Solution File, Format Version 12.00
# Visual Studio 15
Project("{FAE04EC0-301F-11D3-BF4B-00C04F79EFBC}") = "UnityEngine.UI", "UnityEngine.UI.csproj", "{C8DA974E-1B47-BC8E-E6A8-7BF55A8B1A61}"
EndProject
Project("{FAE04EC0-301F-11D3-BF4B-00C04F79EFBC}") = "UnityEngine.TestRunner", "UnityEngine.TestRunner.csproj", "{74E0DE3A-7734-DB92-D480-2B15F1A340BF}"
EndProject
Project("{FAE04EC0-301F-11D3-BF4B-00C04F79EFBC}") = "Unity.Mathematics", "Unity.Mathematics.csproj", "{C1900BB5-D8CA-B9C1-3296-E2B0D9DF2044}"
EndProject
Project("{FAE04EC0-301F-11D3-BF4B-00C04F79EFBC}") = "Unity.2D.Animation.Triangle.Runtime", "Unity.2D.Animation.Triangle.Runtime.csproj", "{3147DF57-B48F-4DA9-FCA6-83055E66EE6D}"
EndProject
Project("{FAE04EC0-301F-11D3-BF4B-00C04F79EFBC}") = "Unity.Timeline", "Unity.Timeline.csproj", "{5D460F58-CAFD-D707-25EA-19248DE840F7}"
EndProject
Project("{FAE04EC0-301F-11D3-BF4B-00C04F79EFBC}") = "Unity.TextMeshPro", "Unity.TextMeshPro.csproj", "{6BDD718D-DD40-BA42-A075-6F69D1193500}"
EndProject
Project("{FAE04EC0-301F-11D3-BF4B-00C04F79EFBC}") = "Unity.2D.Animation.Runtime", "Unity.2D.Animation.Runtime.csproj", "{B80CA369-DB75-2B8B-FACA-C84855106D56}"
EndProject
Project("{FAE04EC0-301F-11D3-BF4B-00C04F79EFBC}") = "Unity.2D.IK.Runtime", "Unity.2D.IK.Runtime.csproj", "{83E5964E-96CD-E86F-8692-477DEC60F224}"
EndProject
Project("{FAE04EC0-301F-11D3-BF4B-00C04F79EFBC}") = "Assembly-CSharp", "Assembly-CSharp.csproj", "{12F44184-A422-5F27-22E6-507969043F15}"
EndProject
Project("{FAE04EC0-301F-11D3-BF4B-00C04F79EFBC}") = "Unity.2D.SpriteShape.Runtime", "Unity.2D.SpriteShape.Runtime.csproj", "{EE8083DC-7C19-CB54-CC13-D08A00A5C072}"
EndProject
Project("{FAE04EC0-301F-11D3-BF4B-00C04F79EFBC}") = "Unity.2D.PixelPerfect", "Unity.2D.PixelPerfect.csproj", "{623DE791-D7EC-CBDF-87CC-20EFABEC0072}"
EndProject
Project("{FAE04EC0-301F-11D3-BF4B-00C04F79EFBC}") = "Unity.2D.Common.Runtime", "Unity.2D.Common.Runtime.csproj", "{F6F2EC84-BA90-576F-7793-1CF6795CF6D4}"
EndProject
Project("{FAE04EC0-301F-11D3-BF4B-00C04F79EFBC}") = "Unity.InternalAPIEngineBridge.001", "Unity.InternalAPIEngineBridge.001.csproj", "{2B10C6E6-F6B3-4ECA-3271-74DE5782365C}"
EndProject
Project("{FAE04EC0-301F-11D3-BF4B-00C04F79EFBC}") = "UnityEditor.TestRunner", "UnityEditor.TestRunner.csproj", "{2AEA7E12-D780-35FC-47A6-A996CD9E6682}"
EndProject
Project("{FAE04EC0-301F-11D3-BF4B-00C04F79EFBC}") = "UnityEditor.UI", "UnityEditor.UI.csproj", "{3AA710AA-B60F-C507-FCCE-BC576A35745B}"
EndProject
Project("{FAE04EC0-301F-11D3-BF4B-00C04F79EFBC}") = "Unity.Timeline.Editor", "Unity.Timeline.Editor.csproj", "{B45C3D83-07BD-945D-FFA3-9EEDBA5FF57E}"
EndProject
Project("{FAE04EC0-301F-11D3-BF4B-00C04F79EFBC}") = "Unity.VisualStudio.Editor", "Unity.VisualStudio.Editor.csproj", "{4B580568-3095-D510-222E-ABC84E47FECF}"
EndProject
Project("{FAE04EC0-301F-11D3-BF4B-00C04F79EFBC}") = "Unity.2D.Psdimporter.Editor", "Unity.2D.Psdimporter.Editor.csproj", "{5516957F-289F-1716-0F17-DA2FF41A9EB5}"
EndProject
Project("{FAE04EC0-301F-11D3-BF4B-00C04F79EFBC}") = "Unity.2D.Animation.Editor", "Unity.2D.Animation.Editor.csproj", "{32B7D525-C57F-E481-ED44-FA18E1161A14}"
EndProject
Project("{FAE04EC0-301F-11D3-BF4B-00C04F79EFBC}") = "Unity.TextMeshPro.Editor", "Unity.TextMeshPro.Editor.csproj", "{645366FD-63C9-63E1-6596-4C20AD8E4434}"
EndProject
Project("{FAE04EC0-301F-11D3-BF4B-00C04F79EFBC}") = "Unity.2D.SpriteShape.Editor", "Unity.2D.SpriteShape.Editor.csproj", "{2E4F1018-0678-AD50-9330-C82FA6A6A114}"
EndProject
Project("{FAE04EC0-301F-11D3-BF4B-00C04F79EFBC}") = "Unity.CollabProxy.Editor", "Unity.CollabProxy.Editor.csproj", "{0F7FC999-748C-1D0C-355E-C9477D12FC2C}"
EndProject
Project("{FAE04EC0-301F-11D3-BF4B-00C04F79EFBC}") = "PsdPlugin", "PsdPlugin.csproj", "{B2DD242B-DB1B-E28E-922D-4F3D16ED1E56}"
EndProject
Project("{FAE04EC0-301F-11D3-BF4B-00C04F79EFBC}") = "Unity.2D.Path.Editor", "Unity.2D.Path.Editor.csproj", "{C1E3116B-8711-59A0-FDB7-02D4E7D59EEB}"
EndProject
Project("{FAE04EC0-301F-11D3-BF4B-00C04F79EFBC}") = "Unity.Rider.Editor", "Unity.Rider.Editor.csproj", "{08E1AD25-2D91-8574-4125-AAC4E3673B6A}"
EndProject
Project("{FAE04EC0-301F-11D3-BF4B-00C04F79EFBC}") = "Unity.2D.IK.Editor", "Unity.2D.IK.Editor.csproj", "{AF7C7A8E-A9AA-FFCF-26F5-2F2D6028345B}"
EndProject
Project("{FAE04EC0-301F-11D3-BF4B-00C04F79EFBC}") = "Unity.2D.Sprite.Editor", "Unity.2D.Sprite.Editor.csproj", "{7EFD55FB-7567-D888-5149-68FC6E544C36}"
EndProject
Project("{FAE04EC0-301F-11D3-BF4B-00C04F79EFBC}") = "Unity.2D.Tilemap.Editor", "Unity.2D.Tilemap.Editor.csproj", "{4F9DE50B-CA26-5401-129C-51D0B160BA3F}"
EndProject
Project("{FAE04EC0-301F-11D3-BF4B-00C04F79EFBC}") = "Unity.2D.PixelPerfect.Editor", "Unity.2D.PixelPerfect.Editor.csproj", "{A9B75B88-A6C2-4E44-DBEE-938023AF6EDC}"
EndProject
Project("{FAE04EC0-301F-11D3-BF4B-00C04F79EFBC}") = "Unity.VSCode.Editor", "Unity.VSCode.Editor.csproj", "{45E74912-FF55-E3A8-0F78-DA587D5DB6FE}"
EndProject
Project("{FAE04EC0-301F-11D3-BF4B-00C04F79EFBC}") = "Unity.2D.Common.Editor", "Unity.2D.Common.Editor.csproj", "{F7E12E3C-B51B-23C2-D627-F506C9A8773A}"
EndProject
Project("{FAE04EC0-301F-11D3-BF4B-00C04F79EFBC}") = "Assembly-CSharp-Editor", "Assembly-CSharp-Editor.csproj", "{5544F79C-5306-909F-C855-53D6959D5DFD}"
EndProject
Project("{FAE04EC0-301F-11D3-BF4B-00C04F79EFBC}") = "Unity.Mathematics.Editor", "Unity.Mathematics.Editor.csproj", "{D34796B9-97F7-E6F2-0D00-9CFB4C060248}"
EndProject
Project("{FAE04EC0-301F-11D3-BF4B-00C04F79EFBC}") = "Unity.InternalAPIEditorBridge.001", "Unity.InternalAPIEditorBridge.001.csproj", "{57E162C7-9E0B-9E64-FC7C-13D9A58E7593}"
EndProject
Project("{FAE04EC0-301F-11D3-BF4B-00C04F79EFBC}") = "UnityEngine.UI", "UnityEngine.UI.Player.csproj", "{2F8C8FE3-BD7C-8CA3-ECA1-DA27684C1C85}"
EndProject
Project("{FAE04EC0-301F-11D3-BF4B-00C04F79EFBC}") = "UnityEngine.TestRunner", "UnityEngine.TestRunner.Player.csproj", "{9AB1C03F-0006-3A3B-DFBD-C7B972AA2E6D}"
EndProject
Project("{FAE04EC0-301F-11D3-BF4B-00C04F79EFBC}") = "Unity.Mathematics", "Unity.Mathematics.Player.csproj", "{6D47F3A2-14FB-1D0F-6FDB-CB1C2C7DF9DA}"
EndProject
Project("{FAE04EC0-301F-11D3-BF4B-00C04F79EFBC}") = "Unity.2D.Animation.Triangle.Runtime", "Unity.2D.Animation.Triangle.Runtime.Player.csproj", "{98D87B71-CC0B-C2C7-3098-9C7F00328800}"
EndProject
Project("{FAE04EC0-301F-11D3-BF4B-00C04F79EFBC}") = "Unity.Timeline", "Unity.Timeline.Player.csproj", "{FC54E88E-3046-C482-D683-FBB6F183D9F0}"
EndProject
Project("{FAE04EC0-301F-11D3-BF4B-00C04F79EFBC}") = "Unity.TextMeshPro", "Unity.TextMeshPro.Player.csproj", "{1444CCF9-E128-B343-0092-A6FC04027C30}"
EndProject
Project("{FAE04EC0-301F-11D3-BF4B-00C04F79EFBC}") = "Unity.2D.Animation.Runtime", "Unity.2D.Animation.Runtime.Player.csproj", "{46702B9D-A4C9-AE5B-8D5A-4BCB5C4294D0}"
EndProject
Project("{FAE04EC0-301F-11D3-BF4B-00C04F79EFBC}") = "Unity.2D.IK.Runtime", "Unity.2D.IK.Runtime.Player.csproj", "{2DDE9607-4A0F-EDB5-4E98-9C843D6E792D}"
EndProject
Project("{FAE04EC0-301F-11D3-BF4B-00C04F79EFBC}") = "Assembly-CSharp", "Assembly-CSharp.Player.csproj", "{0782863C-00AB-AC5D-5DCF-96BCE3193BCC}"
EndProject
Project("{FAE04EC0-301F-11D3-BF4B-00C04F79EFBC}") = "Unity.2D.SpriteShape.Runtime", "Unity.2D.SpriteShape.Runtime.Player.csproj", "{9622F194-208F-AF22-46BA-6F12A12BFCDD}"
EndProject
Project("{FAE04EC0-301F-11D3-BF4B-00C04F79EFBC}") = "Unity.2D.PixelPerfect", "Unity.2D.PixelPerfect.Player.csproj", "{18426A88-302B-53B0-F906-2EEB098C9A50}"
EndProject
Project("{FAE04EC0-301F-11D3-BF4B-00C04F79EFBC}") = "Unity.2D.Common.Runtime", "Unity.2D.Common.Runtime.Player.csproj", "{5AF6832E-CA55-EEA5-117B-C359C7DDF92F}"
EndProject
Project("{FAE04EC0-301F-11D3-BF4B-00C04F79EFBC}") = "Unity.InternalAPIEngineBridge.001", "Unity.InternalAPIEngineBridge.001.Player.csproj", "{4DC1B2B4-27F5-D7A0-0426-133981840164}"
EndProject
Global
	GlobalSection(SolutionConfigurationPlatforms) = preSolution
		Debug|Any CPU = Debug|Any CPU
		Release|Any CPU = Release|Any CPU
	EndGlobalSection
	GlobalSection(ProjectConfigurationPlatforms) = postSolution
		{C8DA974E-1B47-BC8E-E6A8-7BF55A8B1A61}.Debug|Any CPU.ActiveCfg = Debug|Any CPU
		{C8DA974E-1B47-BC8E-E6A8-7BF55A8B1A61}.Debug|Any CPU.Build.0 = Debug|Any CPU
		{C8DA974E-1B47-BC8E-E6A8-7BF55A8B1A61}.Release|Any CPU.ActiveCfg = Release|Any CPU
		{C8DA974E-1B47-BC8E-E6A8-7BF55A8B1A61}.Release|Any CPU.Build.0 = Release|Any CPU
		{74E0DE3A-7734-DB92-D480-2B15F1A340BF}.Debug|Any CPU.ActiveCfg = Debug|Any CPU
		{74E0DE3A-7734-DB92-D480-2B15F1A340BF}.Debug|Any CPU.Build.0 = Debug|Any CPU
		{74E0DE3A-7734-DB92-D480-2B15F1A340BF}.Release|Any CPU.ActiveCfg = Release|Any CPU
		{74E0DE3A-7734-DB92-D480-2B15F1A340BF}.Release|Any CPU.Build.0 = Release|Any CPU
		{C1900BB5-D8CA-B9C1-3296-E2B0D9DF2044}.Debug|Any CPU.ActiveCfg = Debug|Any CPU
		{C1900BB5-D8CA-B9C1-3296-E2B0D9DF2044}.Debug|Any CPU.Build.0 = Debug|Any CPU
		{C1900BB5-D8CA-B9C1-3296-E2B0D9DF2044}.Release|Any CPU.ActiveCfg = Release|Any CPU
		{C1900BB5-D8CA-B9C1-3296-E2B0D9DF2044}.Release|Any CPU.Build.0 = Release|Any CPU
		{3147DF57-B48F-4DA9-FCA6-83055E66EE6D}.Debug|Any CPU.ActiveCfg = Debug|Any CPU
		{3147DF57-B48F-4DA9-FCA6-83055E66EE6D}.Debug|Any CPU.Build.0 = Debug|Any CPU
		{3147DF57-B48F-4DA9-FCA6-83055E66EE6D}.Release|Any CPU.ActiveCfg = Release|Any CPU
		{3147DF57-B48F-4DA9-FCA6-83055E66EE6D}.Release|Any CPU.Build.0 = Release|Any CPU
		{5D460F58-CAFD-D707-25EA-19248DE840F7}.Debug|Any CPU.ActiveCfg = Debug|Any CPU
		{5D460F58-CAFD-D707-25EA-19248DE840F7}.Debug|Any CPU.Build.0 = Debug|Any CPU
		{5D460F58-CAFD-D707-25EA-19248DE840F7}.Release|Any CPU.ActiveCfg = Release|Any CPU
		{5D460F58-CAFD-D707-25EA-19248DE840F7}.Release|Any CPU.Build.0 = Release|Any CPU
		{6BDD718D-DD40-BA42-A075-6F69D1193500}.Debug|Any CPU.ActiveCfg = Debug|Any CPU
		{6BDD718D-DD40-BA42-A075-6F69D1193500}.Debug|Any CPU.Build.0 = Debug|Any CPU
		{6BDD718D-DD40-BA42-A075-6F69D1193500}.Release|Any CPU.ActiveCfg = Release|Any CPU
		{6BDD718D-DD40-BA42-A075-6F69D1193500}.Release|Any CPU.Build.0 = Release|Any CPU
		{B80CA369-DB75-2B8B-FACA-C84855106D56}.Debug|Any CPU.ActiveCfg = Debug|Any CPU
		{B80CA369-DB75-2B8B-FACA-C84855106D56}.Debug|Any CPU.Build.0 = Debug|Any CPU
		{B80CA369-DB75-2B8B-FACA-C84855106D56}.Release|Any CPU.ActiveCfg = Release|Any CPU
		{B80CA369-DB75-2B8B-FACA-C84855106D56}.Release|Any CPU.Build.0 = Release|Any CPU
		{83E5964E-96CD-E86F-8692-477DEC60F224}.Debug|Any CPU.ActiveCfg = Debug|Any CPU
		{83E5964E-96CD-E86F-8692-477DEC60F224}.Debug|Any CPU.Build.0 = Debug|Any CPU
		{83E5964E-96CD-E86F-8692-477DEC60F224}.Release|Any CPU.ActiveCfg = Release|Any CPU
		{83E5964E-96CD-E86F-8692-477DEC60F224}.Release|Any CPU.Build.0 = Release|Any CPU
		{12F44184-A422-5F27-22E6-507969043F15}.Debug|Any CPU.ActiveCfg = Debug|Any CPU
		{12F44184-A422-5F27-22E6-507969043F15}.Debug|Any CPU.Build.0 = Debug|Any CPU
		{12F44184-A422-5F27-22E6-507969043F15}.Release|Any CPU.ActiveCfg = Release|Any CPU
		{12F44184-A422-5F27-22E6-507969043F15}.Release|Any CPU.Build.0 = Release|Any CPU
		{EE8083DC-7C19-CB54-CC13-D08A00A5C072}.Debug|Any CPU.ActiveCfg = Debug|Any CPU
		{EE8083DC-7C19-CB54-CC13-D08A00A5C072}.Debug|Any CPU.Build.0 = Debug|Any CPU
		{EE8083DC-7C19-CB54-CC13-D08A00A5C072}.Release|Any CPU.ActiveCfg = Release|Any CPU
		{EE8083DC-7C19-CB54-CC13-D08A00A5C072}.Release|Any CPU.Build.0 = Release|Any CPU
		{623DE791-D7EC-CBDF-87CC-20EFABEC0072}.Debug|Any CPU.ActiveCfg = Debug|Any CPU
		{623DE791-D7EC-CBDF-87CC-20EFABEC0072}.Debug|Any CPU.Build.0 = Debug|Any CPU
		{623DE791-D7EC-CBDF-87CC-20EFABEC0072}.Release|Any CPU.ActiveCfg = Release|Any CPU
		{623DE791-D7EC-CBDF-87CC-20EFABEC0072}.Release|Any CPU.Build.0 = Release|Any CPU
		{F6F2EC84-BA90-576F-7793-1CF6795CF6D4}.Debug|Any CPU.ActiveCfg = Debug|Any CPU
		{F6F2EC84-BA90-576F-7793-1CF6795CF6D4}.Debug|Any CPU.Build.0 = Debug|Any CPU
		{F6F2EC84-BA90-576F-7793-1CF6795CF6D4}.Release|Any CPU.ActiveCfg = Release|Any CPU
		{F6F2EC84-BA90-576F-7793-1CF6795CF6D4}.Release|Any CPU.Build.0 = Release|Any CPU
		{2B10C6E6-F6B3-4ECA-3271-74DE5782365C}.Debug|Any CPU.ActiveCfg = Debug|Any CPU
		{2B10C6E6-F6B3-4ECA-3271-74DE5782365C}.Debug|Any CPU.Build.0 = Debug|Any CPU
		{2B10C6E6-F6B3-4ECA-3271-74DE5782365C}.Release|Any CPU.ActiveCfg = Release|Any CPU
		{2B10C6E6-F6B3-4ECA-3271-74DE5782365C}.Release|Any CPU.Build.0 = Release|Any CPU
		{2AEA7E12-D780-35FC-47A6-A996CD9E6682}.Debug|Any CPU.ActiveCfg = Debug|Any CPU
		{2AEA7E12-D780-35FC-47A6-A996CD9E6682}.Debug|Any CPU.Build.0 = Debug|Any CPU
		{2AEA7E12-D780-35FC-47A6-A996CD9E6682}.Release|Any CPU.ActiveCfg = Release|Any CPU
		{2AEA7E12-D780-35FC-47A6-A996CD9E6682}.Release|Any CPU.Build.0 = Release|Any CPU
		{3AA710AA-B60F-C507-FCCE-BC576A35745B}.Debug|Any CPU.ActiveCfg = Debug|Any CPU
		{3AA710AA-B60F-C507-FCCE-BC576A35745B}.Debug|Any CPU.Build.0 = Debug|Any CPU
		{3AA710AA-B60F-C507-FCCE-BC576A35745B}.Release|Any CPU.ActiveCfg = Release|Any CPU
		{3AA710AA-B60F-C507-FCCE-BC576A35745B}.Release|Any CPU.Build.0 = Release|Any CPU
		{B45C3D83-07BD-945D-FFA3-9EEDBA5FF57E}.Debug|Any CPU.ActiveCfg = Debug|Any CPU
		{B45C3D83-07BD-945D-FFA3-9EEDBA5FF57E}.Debug|Any CPU.Build.0 = Debug|Any CPU
		{B45C3D83-07BD-945D-FFA3-9EEDBA5FF57E}.Release|Any CPU.ActiveCfg = Release|Any CPU
		{B45C3D83-07BD-945D-FFA3-9EEDBA5FF57E}.Release|Any CPU.Build.0 = Release|Any CPU
		{4B580568-3095-D510-222E-ABC84E47FECF}.Debug|Any CPU.ActiveCfg = Debug|Any CPU
		{4B580568-3095-D510-222E-ABC84E47FECF}.Debug|Any CPU.Build.0 = Debug|Any CPU
		{4B580568-3095-D510-222E-ABC84E47FECF}.Release|Any CPU.ActiveCfg = Release|Any CPU
		{4B580568-3095-D510-222E-ABC84E47FECF}.Release|Any CPU.Build.0 = Release|Any CPU
		{5516957F-289F-1716-0F17-DA2FF41A9EB5}.Debug|Any CPU.ActiveCfg = Debug|Any CPU
		{5516957F-289F-1716-0F17-DA2FF41A9EB5}.Debug|Any CPU.Build.0 = Debug|Any CPU
		{5516957F-289F-1716-0F17-DA2FF41A9EB5}.Release|Any CPU.ActiveCfg = Release|Any CPU
		{5516957F-289F-1716-0F17-DA2FF41A9EB5}.Release|Any CPU.Build.0 = Release|Any CPU
		{32B7D525-C57F-E481-ED44-FA18E1161A14}.Debug|Any CPU.ActiveCfg = Debug|Any CPU
		{32B7D525-C57F-E481-ED44-FA18E1161A14}.Debug|Any CPU.Build.0 = Debug|Any CPU
		{32B7D525-C57F-E481-ED44-FA18E1161A14}.Release|Any CPU.ActiveCfg = Release|Any CPU
		{32B7D525-C57F-E481-ED44-FA18E1161A14}.Release|Any CPU.Build.0 = Release|Any CPU
		{645366FD-63C9-63E1-6596-4C20AD8E4434}.Debug|Any CPU.ActiveCfg = Debug|Any CPU
		{645366FD-63C9-63E1-6596-4C20AD8E4434}.Debug|Any CPU.Build.0 = Debug|Any CPU
		{645366FD-63C9-63E1-6596-4C20AD8E4434}.Release|Any CPU.ActiveCfg = Release|Any CPU
		{645366FD-63C9-63E1-6596-4C20AD8E4434}.Release|Any CPU.Build.0 = Release|Any CPU
		{2E4F1018-0678-AD50-9330-C82FA6A6A114}.Debug|Any CPU.ActiveCfg = Debug|Any CPU
		{2E4F1018-0678-AD50-9330-C82FA6A6A114}.Debug|Any CPU.Build.0 = Debug|Any CPU
		{2E4F1018-0678-AD50-9330-C82FA6A6A114}.Release|Any CPU.ActiveCfg = Release|Any CPU
		{2E4F1018-0678-AD50-9330-C82FA6A6A114}.Release|Any CPU.Build.0 = Release|Any CPU
		{0F7FC999-748C-1D0C-355E-C9477D12FC2C}.Debug|Any CPU.ActiveCfg = Debug|Any CPU
		{0F7FC999-748C-1D0C-355E-C9477D12FC2C}.Debug|Any CPU.Build.0 = Debug|Any CPU
		{0F7FC999-748C-1D0C-355E-C9477D12FC2C}.Release|Any CPU.ActiveCfg = Release|Any CPU
		{0F7FC999-748C-1D0C-355E-C9477D12FC2C}.Release|Any CPU.Build.0 = Release|Any CPU
		{B2DD242B-DB1B-E28E-922D-4F3D16ED1E56}.Debug|Any CPU.ActiveCfg = Debug|Any CPU
		{B2DD242B-DB1B-E28E-922D-4F3D16ED1E56}.Debug|Any CPU.Build.0 = Debug|Any CPU
		{B2DD242B-DB1B-E28E-922D-4F3D16ED1E56}.Release|Any CPU.ActiveCfg = Release|Any CPU
		{B2DD242B-DB1B-E28E-922D-4F3D16ED1E56}.Release|Any CPU.Build.0 = Release|Any CPU
		{C1E3116B-8711-59A0-FDB7-02D4E7D59EEB}.Debug|Any CPU.ActiveCfg = Debug|Any CPU
		{C1E3116B-8711-59A0-FDB7-02D4E7D59EEB}.Debug|Any CPU.Build.0 = Debug|Any CPU
		{C1E3116B-8711-59A0-FDB7-02D4E7D59EEB}.Release|Any CPU.ActiveCfg = Release|Any CPU
		{C1E3116B-8711-59A0-FDB7-02D4E7D59EEB}.Release|Any CPU.Build.0 = Release|Any CPU
		{08E1AD25-2D91-8574-4125-AAC4E3673B6A}.Debug|Any CPU.ActiveCfg = Debug|Any CPU
		{08E1AD25-2D91-8574-4125-AAC4E3673B6A}.Debug|Any CPU.Build.0 = Debug|Any CPU
		{08E1AD25-2D91-8574-4125-AAC4E3673B6A}.Release|Any CPU.ActiveCfg = Release|Any CPU
		{08E1AD25-2D91-8574-4125-AAC4E3673B6A}.Release|Any CPU.Build.0 = Release|Any CPU
		{AF7C7A8E-A9AA-FFCF-26F5-2F2D6028345B}.Debug|Any CPU.ActiveCfg = Debug|Any CPU
		{AF7C7A8E-A9AA-FFCF-26F5-2F2D6028345B}.Debug|Any CPU.Build.0 = Debug|Any CPU
		{AF7C7A8E-A9AA-FFCF-26F5-2F2D6028345B}.Release|Any CPU.ActiveCfg = Release|Any CPU
		{AF7C7A8E-A9AA-FFCF-26F5-2F2D6028345B}.Release|Any CPU.Build.0 = Release|Any CPU
		{7EFD55FB-7567-D888-5149-68FC6E544C36}.Debug|Any CPU.ActiveCfg = Debug|Any CPU
		{7EFD55FB-7567-D888-5149-68FC6E544C36}.Debug|Any CPU.Build.0 = Debug|Any CPU
		{7EFD55FB-7567-D888-5149-68FC6E544C36}.Release|Any CPU.ActiveCfg = Release|Any CPU
		{7EFD55FB-7567-D888-5149-68FC6E544C36}.Release|Any CPU.Build.0 = Release|Any CPU
		{4F9DE50B-CA26-5401-129C-51D0B160BA3F}.Debug|Any CPU.ActiveCfg = Debug|Any CPU
		{4F9DE50B-CA26-5401-129C-51D0B160BA3F}.Debug|Any CPU.Build.0 = Debug|Any CPU
		{4F9DE50B-CA26-5401-129C-51D0B160BA3F}.Release|Any CPU.ActiveCfg = Release|Any CPU
		{4F9DE50B-CA26-5401-129C-51D0B160BA3F}.Release|Any CPU.Build.0 = Release|Any CPU
		{A9B75B88-A6C2-4E44-DBEE-938023AF6EDC}.Debug|Any CPU.ActiveCfg = Debug|Any CPU
		{A9B75B88-A6C2-4E44-DBEE-938023AF6EDC}.Debug|Any CPU.Build.0 = Debug|Any CPU
		{A9B75B88-A6C2-4E44-DBEE-938023AF6EDC}.Release|Any CPU.ActiveCfg = Release|Any CPU
		{A9B75B88-A6C2-4E44-DBEE-938023AF6EDC}.Release|Any CPU.Build.0 = Release|Any CPU
		{45E74912-FF55-E3A8-0F78-DA587D5DB6FE}.Debug|Any CPU.ActiveCfg = Debug|Any CPU
		{45E74912-FF55-E3A8-0F78-DA587D5DB6FE}.Debug|Any CPU.Build.0 = Debug|Any CPU
		{45E74912-FF55-E3A8-0F78-DA587D5DB6FE}.Release|Any CPU.ActiveCfg = Release|Any CPU
		{45E74912-FF55-E3A8-0F78-DA587D5DB6FE}.Release|Any CPU.Build.0 = Release|Any CPU
		{F7E12E3C-B51B-23C2-D627-F506C9A8773A}.Debug|Any CPU.ActiveCfg = Debug|Any CPU
		{F7E12E3C-B51B-23C2-D627-F506C9A8773A}.Debug|Any CPU.Build.0 = Debug|Any CPU
		{F7E12E3C-B51B-23C2-D627-F506C9A8773A}.Release|Any CPU.ActiveCfg = Release|Any CPU
		{F7E12E3C-B51B-23C2-D627-F506C9A8773A}.Release|Any CPU.Build.0 = Release|Any CPU
		{5544F79C-5306-909F-C855-53D6959D5DFD}.Debug|Any CPU.ActiveCfg = Debug|Any CPU
		{5544F79C-5306-909F-C855-53D6959D5DFD}.Debug|Any CPU.Build.0 = Debug|Any CPU
		{5544F79C-5306-909F-C855-53D6959D5DFD}.Release|Any CPU.ActiveCfg = Release|Any CPU
		{5544F79C-5306-909F-C855-53D6959D5DFD}.Release|Any CPU.Build.0 = Release|Any CPU
		{D34796B9-97F7-E6F2-0D00-9CFB4C060248}.Debug|Any CPU.ActiveCfg = Debug|Any CPU
		{D34796B9-97F7-E6F2-0D00-9CFB4C060248}.Debug|Any CPU.Build.0 = Debug|Any CPU
		{D34796B9-97F7-E6F2-0D00-9CFB4C060248}.Release|Any CPU.ActiveCfg = Release|Any CPU
		{D34796B9-97F7-E6F2-0D00-9CFB4C060248}.Release|Any CPU.Build.0 = Release|Any CPU
		{57E162C7-9E0B-9E64-FC7C-13D9A58E7593}.Debug|Any CPU.ActiveCfg = Debug|Any CPU
		{57E162C7-9E0B-9E64-FC7C-13D9A58E7593}.Debug|Any CPU.Build.0 = Debug|Any CPU
		{57E162C7-9E0B-9E64-FC7C-13D9A58E7593}.Release|Any CPU.ActiveCfg = Release|Any CPU
		{57E162C7-9E0B-9E64-FC7C-13D9A58E7593}.Release|Any CPU.Build.0 = Release|Any CPU
		{2F8C8FE3-BD7C-8CA3-ECA1-DA27684C1C85}.Debug|Any CPU.ActiveCfg = Debug|Any CPU
		{2F8C8FE3-BD7C-8CA3-ECA1-DA27684C1C85}.Debug|Any CPU.Build.0 = Debug|Any CPU
		{2F8C8FE3-BD7C-8CA3-ECA1-DA27684C1C85}.Release|Any CPU.ActiveCfg = Release|Any CPU
		{2F8C8FE3-BD7C-8CA3-ECA1-DA27684C1C85}.Release|Any CPU.Build.0 = Release|Any CPU
		{9AB1C03F-0006-3A3B-DFBD-C7B972AA2E6D}.Debug|Any CPU.ActiveCfg = Debug|Any CPU
		{9AB1C03F-0006-3A3B-DFBD-C7B972AA2E6D}.Debug|Any CPU.Build.0 = Debug|Any CPU
		{9AB1C03F-0006-3A3B-DFBD-C7B972AA2E6D}.Release|Any CPU.ActiveCfg = Release|Any CPU
		{9AB1C03F-0006-3A3B-DFBD-C7B972AA2E6D}.Release|Any CPU.Build.0 = Release|Any CPU
		{6D47F3A2-14FB-1D0F-6FDB-CB1C2C7DF9DA}.Debug|Any CPU.ActiveCfg = Debug|Any CPU
		{6D47F3A2-14FB-1D0F-6FDB-CB1C2C7DF9DA}.Debug|Any CPU.Build.0 = Debug|Any CPU
		{6D47F3A2-14FB-1D0F-6FDB-CB1C2C7DF9DA}.Release|Any CPU.ActiveCfg = Release|Any CPU
		{6D47F3A2-14FB-1D0F-6FDB-CB1C2C7DF9DA}.Release|Any CPU.Build.0 = Release|Any CPU
		{98D87B71-CC0B-C2C7-3098-9C7F00328800}.Debug|Any CPU.ActiveCfg = Debug|Any CPU
		{98D87B71-CC0B-C2C7-3098-9C7F00328800}.Debug|Any CPU.Build.0 = Debug|Any CPU
		{98D87B71-CC0B-C2C7-3098-9C7F00328800}.Release|Any CPU.ActiveCfg = Release|Any CPU
		{98D87B71-CC0B-C2C7-3098-9C7F00328800}.Release|Any CPU.Build.0 = Release|Any CPU
		{FC54E88E-3046-C482-D683-FBB6F183D9F0}.Debug|Any CPU.ActiveCfg = Debug|Any CPU
		{FC54E88E-3046-C482-D683-FBB6F183D9F0}.Debug|Any CPU.Build.0 = Debug|Any CPU
		{FC54E88E-3046-C482-D683-FBB6F183D9F0}.Release|Any CPU.ActiveCfg = Release|Any CPU
		{FC54E88E-3046-C482-D683-FBB6F183D9F0}.Release|Any CPU.Build.0 = Release|Any CPU
		{1444CCF9-E128-B343-0092-A6FC04027C30}.Debug|Any CPU.ActiveCfg = Debug|Any CPU
		{1444CCF9-E128-B343-0092-A6FC04027C30}.Debug|Any CPU.Build.0 = Debug|Any CPU
		{1444CCF9-E128-B343-0092-A6FC04027C30}.Release|Any CPU.ActiveCfg = Release|Any CPU
		{1444CCF9-E128-B343-0092-A6FC04027C30}.Release|Any CPU.Build.0 = Release|Any CPU
		{46702B9D-A4C9-AE5B-8D5A-4BCB5C4294D0}.Debug|Any CPU.ActiveCfg = Debug|Any CPU
		{46702B9D-A4C9-AE5B-8D5A-4BCB5C4294D0}.Debug|Any CPU.Build.0 = Debug|Any CPU
		{46702B9D-A4C9-AE5B-8D5A-4BCB5C4294D0}.Release|Any CPU.ActiveCfg = Release|Any CPU
		{46702B9D-A4C9-AE5B-8D5A-4BCB5C4294D0}.Release|Any CPU.Build.0 = Release|Any CPU
		{2DDE9607-4A0F-EDB5-4E98-9C843D6E792D}.Debug|Any CPU.ActiveCfg = Debug|Any CPU
		{2DDE9607-4A0F-EDB5-4E98-9C843D6E792D}.Debug|Any CPU.Build.0 = Debug|Any CPU
		{2DDE9607-4A0F-EDB5-4E98-9C843D6E792D}.Release|Any CPU.ActiveCfg = Release|Any CPU
		{2DDE9607-4A0F-EDB5-4E98-9C843D6E792D}.Release|Any CPU.Build.0 = Release|Any CPU
		{0782863C-00AB-AC5D-5DCF-96BCE3193BCC}.Debug|Any CPU.ActiveCfg = Debug|Any CPU
		{0782863C-00AB-AC5D-5DCF-96BCE3193BCC}.Debug|Any CPU.Build.0 = Debug|Any CPU
		{0782863C-00AB-AC5D-5DCF-96BCE3193BCC}.Release|Any CPU.ActiveCfg = Release|Any CPU
		{0782863C-00AB-AC5D-5DCF-96BCE3193BCC}.Release|Any CPU.Build.0 = Release|Any CPU
		{9622F194-208F-AF22-46BA-6F12A12BFCDD}.Debug|Any CPU.ActiveCfg = Debug|Any CPU
		{9622F194-208F-AF22-46BA-6F12A12BFCDD}.Debug|Any CPU.Build.0 = Debug|Any CPU
		{9622F194-208F-AF22-46BA-6F12A12BFCDD}.Release|Any CPU.ActiveCfg = Release|Any CPU
		{9622F194-208F-AF22-46BA-6F12A12BFCDD}.Release|Any CPU.Build.0 = Release|Any CPU
		{18426A88-302B-53B0-F906-2EEB098C9A50}.Debug|Any CPU.ActiveCfg = Debug|Any CPU
		{18426A88-302B-53B0-F906-2EEB098C9A50}.Debug|Any CPU.Build.0 = Debug|Any CPU
		{18426A88-302B-53B0-F906-2EEB098C9A50}.Release|Any CPU.ActiveCfg = Release|Any CPU
		{18426A88-302B-53B0-F906-2EEB098C9A50}.Release|Any CPU.Build.0 = Release|Any CPU
		{5AF6832E-CA55-EEA5-117B-C359C7DDF92F}.Debug|Any CPU.ActiveCfg = Debug|Any CPU
		{5AF6832E-CA55-EEA5-117B-C359C7DDF92F}.Debug|Any CPU.Build.0 = Debug|Any CPU
		{5AF6832E-CA55-EEA5-117B-C359C7DDF92F}.Release|Any CPU.ActiveCfg = Release|Any CPU
		{5AF6832E-CA55-EEA5-117B-C359C7DDF92F}.Release|Any CPU.Build.0 = Release|Any CPU
		{4DC1B2B4-27F5-D7A0-0426-133981840164}.Debug|Any CPU.ActiveCfg = Debug|Any CPU
		{4DC1B2B4-27F5-D7A0-0426-133981840164}.Debug|Any CPU.Build.0 = Debug|Any CPU
		{4DC1B2B4-27F5-D7A0-0426-133981840164}.Release|Any CPU.ActiveCfg = Release|Any CPU
		{4DC1B2B4-27F5-D7A0-0426-133981840164}.Release|Any CPU.Build.0 = Release|Any CPU
	EndGlobalSection
	GlobalSection(SolutionProperties) = preSolution
		HideSolutionNode = FALSE
	EndGlobalSection
EndGlobal
