
Microsoft Visual Studio Solution File, Format Version 12.00
# Visual Studio Version 16
VisualStudioVersion = 16.0.31112.23
MinimumVisualStudioVersion = 10.0.40219.1
Project("{FAE04EC0-301F-11D3-BF4B-00C04F79EFBC}") = "GameServer", "GameServer\GameServer.csproj", "{53A4E602-EC5A-40EA-BD7C-7D7967787F63}"
EndProject
Global
	GlobalSection(SolutionConfigurationPlatforms) = preSolution
		Debug|Any CPU = Debug|Any CPU
		Release|Any CPU = Release|Any CPU
	EndGlobalSection
	GlobalSection(ProjectConfigurationPlatforms) = postSolution
		{53A4E602-EC5A-40EA-BD7C-7D7967787F63}.Debug|Any CPU.ActiveCfg = Debug|Any CPU
		{53A4E602-EC5A-40EA-BD7C-7D7967787F63}.Debug|Any CPU.Build.0 = Debug|Any CPU
		{53A4E602-EC5A-40EA-BD7C-7D7967787F63}.Release|Any CPU.ActiveCfg = Release|Any CPU
		{53A4E602-EC5A-40EA-BD7C-7D7967787F63}.Release|Any CPU.Build.0 = Release|Any CPU
	EndGlobalSection
	GlobalSection(SolutionProperties) = preSolution
		HideSolutionNode = FALSE
	EndGlobalSection
	GlobalSection(ExtensibilityGlobals) = postSolution
		SolutionGuid = {9097E06B-1839-4E04-81C3-6773A1D74819}
	EndGlobalSection
EndGlobal
